// !$*UTF8*$!
{
	archiveVersion = 1;
	classes = {
	};
	objectVersion = 46;
	objects = {

/* Begin PBXFileReference section */
		3610AA351E82827F00238C53 /* DES_test.py */ = {isa = PBXFileReference; lastKnownFileType = text.script.python; name = DES_test.py; path = ../DES_test.py; sourceTree = "<group>"; };
		3610AA361E82827F00238C53 /* DES.py */ = {isa = PBXFileReference; lastKnownFileType = text.script.python; name = DES.py; path = ../DES.py; sourceTree = "<group>"; };
		3610AA371E82827F00238C53 /* DESCommon.py */ = {isa = PBXFileReference; lastKnownFileType = text.script.python; name = DESCommon.py; path = ../DESCommon.py; sourceTree = "<group>"; };
		3610AA381E82827F00238C53 /* DESConstant.py */ = {isa = PBXFileReference; lastKnownFileType = text.script.python; name = DESConstant.py; path = ../DESConstant.py; sourceTree = "<group>"; };
		3610AA391E82827F00238C53 /* DESUtil.py */ = {isa = PBXFileReference; lastKnownFileType = text.script.python; name = DESUtil.py; path = ../DESUtil.py; sourceTree = "<group>"; };
		3610AA3A1E82827F00238C53 /* example.png */ = {isa = PBXFileReference; lastKnownFileType = image.png; name = example.png; path = ../example.png; sourceTree = "<group>"; };
		3610AA3B1E82827F00238C53 /* README.md */ = {isa = PBXFileReference; lastKnownFileType = net.daringfireball.markdown; name = README.md; path = ../README.md; sourceTree = "<group>"; };
/* End PBXFileReference section */

/* Begin PBXGroup section */
		3658EDDD1E825E240038243E = {
			isa = PBXGroup;
			children = (
				3610AA351E82827F00238C53 /* DES_test.py */,
				3610AA361E82827F00238C53 /* DES.py */,
				3610AA371E82827F00238C53 /* DESCommon.py */,
				3610AA381E82827F00238C53 /* DESConstant.py */,
				3610AA391E82827F00238C53 /* DESUtil.py */,
				3610AA3A1E82827F00238C53 /* example.png */,
				3610AA3B1E82827F00238C53 /* README.md */,
			);
			sourceTree = "<group>";
		};
/* End PBXGroup section */

/* Begin PBXLegacyTarget section */
		3658EDE21E825E240038243E /* DES */ = {
			isa = PBXLegacyTarget;
			buildArgumentsString = "$(ACTION)";
			buildConfigurationList = 3658EDE51E825E240038243E /* Build configuration list for PBXLegacyTarget "DES" */;
			buildPhases = (
			);
			buildToolPath = /usr/bin/python;
			dependencies = (
			);
			name = DES;
			passBuildSettingsInEnvironment = 1;
			productName = DES;
		};
/* End PBXLegacyTarget section */

/* Begin PBXProject section */
		3658EDDE1E825E240038243E /* Project object */ = {
			isa = PBXProject;
			attributes = {
				LastUpgradeCheck = 0820;
				ORGANIZATIONNAME = "Fikry Khairytamim";
				TargetAttributes = {
					3658EDE21E825E240038243E = {
						CreatedOnToolsVersion = 8.2.1;
						ProvisioningStyle = Automatic;
					};
				};
			};
			buildConfigurationList = 3658EDE11E825E240038243E /* Build configuration list for PBXProject "DES" */;
			compatibilityVersion = "Xcode 3.2";
			developmentRegion = English;
			hasScannedForEncodings = 0;
			knownRegions = (
				en,
			);
			mainGroup = 3658EDDD1E825E240038243E;
			projectDirPath = "";
			projectRoot = "";
			targets = (
				3658EDE21E825E240038243E /* DES */,
			);
		};
/* End PBXProject section */

/* Begin XCBuildConfiguration section */
		3658EDE31E825E240038243E /* Debug */ = {
			isa = XCBuildConfiguration;
			buildSettings = {
				ALWAYS_SEARCH_USER_PATHS = NO;
				CLANG_ANALYZER_NONNULL = YES;
				CLANG_CXX_LANGUAGE_STANDARD = "gnu++0x";
				CLANG_CXX_LIBRARY = "libc++";
				CLANG_ENABLE_MODULES = YES;
				CLANG_ENABLE_OBJC_ARC = YES;
				CLANG_WARN_BOOL_CONVERSION = YES;
				CLANG_WARN_CONSTANT_CONVERSION = YES;
				CLANG_WARN_DIRECT_OBJC_ISA_USAGE = YES_ERROR;
				CLANG_WARN_DOCUMENTATION_COMMENTS = YES;
				CLANG_WARN_EMPTY_BODY = YES;
				CLANG_WARN_ENUM_CONVERSION = YES;
				CLANG_WARN_INFINITE_RECURSION = YES;
				CLANG_WARN_INT_CONVERSION = YES;
				CLANG_WARN_OBJC_ROOT_CLASS = YES_ERROR;
				CLANG_WARN_SUSPICIOUS_MOVE = YES;
				CLANG_WARN_UNREACHABLE_CODE = YES;
				CLANG_WARN__DUPLICATE_METHOD_MATCH = YES;
				COPY_PHASE_STRIP = NO;
				DEBUG_INFORMATION_FORMAT = dwarf;
				ENABLE_STRICT_OBJC_MSGSEND = YES;
				ENABLE_TESTABILITY = YES;
				GCC_C_LANGUAGE_STANDARD = gnu99;
				GCC_DYNAMIC_NO_PIC = NO;
				GCC_NO_COMMON_BLOCKS = YES;
				GCC_OPTIMIZATION_LEVEL = 0;
				GCC_PREPROCESSOR_DEFINITIONS = (
					"DEBUG=1",
					"$(inherited)",
				);
				GCC_WARN_64_TO_32_BIT_CONVERSION = YES;
				GCC_WARN_ABOUT_RETURN_TYPE = YES_ERROR;
				GCC_WARN_UNDECLARED_SELECTOR = YES;
				GCC_WARN_UNINITIALIZED_AUTOS = YES_AGGRESSIVE;
				GCC_WARN_UNUSED_FUNCTION = YES;
				GCC_WARN_UNUSED_VARIABLE = YES;
				MTL_ENABLE_DEBUG_INFO = YES;
				ONLY_ACTIVE_ARCH = YES;
			};
			name = Debug;
		};
		3658EDE41E825E240038243E /* Release */ = {
			isa = XCBuildConfiguration;
			buildSettings = {
				ALWAYS_SEARCH_USER_PATHS = NO;
				CLANG_ANALYZER_NONNULL = YES;
				CLANG_CXX_LANGUAGE_STANDARD = "gnu++0x";
				CLANG_CXX_LIBRARY = "libc++";
				CLANG_ENABLE_MODULES = YES;
				CLANG_ENABLE_OBJC_ARC = YES;
				CLANG_WARN_BOOL_CONVERSION = YES;
				CLANG_WARN_CONSTANT_CONVERSION = YES;
				CLANG_WARN_DIRECT_OBJC_ISA_USAGE = YES_ERROR;
				CLANG_WARN_DOCUMENTATION_COMMENTS = YES;
				CLANG_WARN_EMPTY_BODY = YES;
				CLANG_WARN_ENUM_CONVERSION = YES;
				CLANG_WARN_INFINITE_RECURSION = YES;
				CLANG_WARN_INT_CONVERSION = YES;
				CLANG_WARN_OBJC_ROOT_CLASS = YES_ERROR;
				CLANG_WARN_SUSPICIOUS_MOVE = YES;
				CLANG_WARN_UNREACHABLE_CODE = YES;
				CLANG_WARN__DUPLICATE_METHOD_MATCH = YES;
				COPY_PHASE_STRIP = NO;
				DEBUG_INFORMATION_FORMAT = "dwarf-with-dsym";
				ENABLE_NS_ASSERTIONS = NO;
				ENABLE_STRICT_OBJC_MSGSEND = YES;
				GCC_C_LANGUAGE_STANDARD = gnu99;
				GCC_NO_COMMON_BLOCKS = YES;
				GCC_WARN_64_TO_32_BIT_CONVERSION = YES;
				GCC_WARN_ABOUT_RETURN_TYPE = YES_ERROR;
				GCC_WARN_UNDECLARED_SELECTOR = YES;
				GCC_WARN_UNINITIALIZED_AUTOS = YES_AGGRESSIVE;
				GCC_WARN_UNUSED_FUNCTION = YES;
				GCC_WARN_UNUSED_VARIABLE = YES;
				MTL_ENABLE_DEBUG_INFO = NO;
			};
			name = Release;
		};
		3658EDE61E825E240038243E /* Debug */ = {
			isa = XCBuildConfiguration;
			buildSettings = {
				DEBUGGING_SYMBOLS = YES;
				DEBUG_INFORMATION_FORMAT = dwarf;
				GCC_GENERATE_DEBUGGING_SYMBOLS = YES;
				GCC_OPTIMIZATION_LEVEL = 0;
				OTHER_CFLAGS = "";
				OTHER_LDFLAGS = "";
				PRODUCT_NAME = "$(TARGET_NAME)";
			};
			name = Debug;
		};
		3658EDE71E825E240038243E /* Release */ = {
			isa = XCBuildConfiguration;
			buildSettings = {
				DEBUG_INFORMATION_FORMAT = "dwarf-with-dsym";
				OTHER_CFLAGS = "";
				OTHER_LDFLAGS = "";
				PRODUCT_NAME = "$(TARGET_NAME)";
			};
			name = Release;
		};
/* End XCBuildConfiguration section */

/* Begin XCConfigurationList section */
		3658EDE11E825E240038243E /* Build configuration list for PBXProject "DES" */ = {
			isa = XCConfigurationList;
			buildConfigurations = (
				3658EDE31E825E240038243E /* Debug */,
				3658EDE41E825E240038243E /* Release */,
			);
			defaultConfigurationIsVisible = 0;
			defaultConfigurationName = Release;
		};
		3658EDE51E825E240038243E /* Build configuration list for PBXLegacyTarget "DES" */ = {
			isa = XCConfigurationList;
			buildConfigurations = (
				3658EDE61E825E240038243E /* Debug */,
				3658EDE71E825E240038243E /* Release */,
			);
			defaultConfigurationIsVisible = 0;
			defaultConfigurationName = Release;
		};
/* End XCConfigurationList section */
	};
	rootObject = 3658EDDE1E825E240038243E /* Project object */;
}
